
Microsoft Visual Studio Solution File, Format Version 12.00
# Visual Studio Version 16
VisualStudioVersion = 16.0.30011.22
MinimumVisualStudioVersion = 10.0.40219.1
Project("{FAE04EC0-301F-11D3-BF4B-00C04F79EFBC}") = "Oc6.GuldApp", "Oc6.GuldApp\Oc6.GuldApp.csproj", "{D810C2CC-5D8C-424B-B849-2D1D0C2CE978}"
EndProject
Global
	GlobalSection(SolutionConfigurationPlatforms) = preSolution
		Debug|Any CPU = Debug|Any CPU
		Release|Any CPU = Release|Any CPU
	EndGlobalSection
	GlobalSection(ProjectConfigurationPlatforms) = postSolution
		{D810C2CC-5D8C-424B-B849-2D1D0C2CE978}.Debug|Any CPU.ActiveCfg = Debug|Any CPU
		{D810C2CC-5D8C-424B-B849-2D1D0C2CE978}.Debug|Any CPU.Build.0 = Debug|Any CPU
		{D810C2CC-5D8C-424B-B849-2D1D0C2CE978}.Release|Any CPU.ActiveCfg = Release|Any CPU
		{D810C2CC-5D8C-424B-B849-2D1D0C2CE978}.Release|Any CPU.Build.0 = Release|Any CPU
	EndGlobalSection
	GlobalSection(SolutionProperties) = preSolution
		HideSolutionNode = FALSE
	EndGlobalSection
	GlobalSection(ExtensibilityGlobals) = postSolution
		SolutionGuid = {98DF7E61-1F8D-46EE-9925-FE0753092FFF}
	EndGlobalSection
EndGlobal
